
Microsoft Visual Studio Solution File, Format Version 12.00
# Visual Studio Version 16
VisualStudioVersion = 16.0.29728.190
MinimumVisualStudioVersion = 10.0.40219.1
Project("{9A19103F-16F7-4668-BE54-9A1E7A4F7556}") = "Kinobot.Net", "Kinobot.Net\Kinobot.Net.csproj", "{A8B4D315-49B5-464E-94D2-4D0DDC8DB906}"
EndProject
Project("{2150E333-8FDC-42A3-9474-1A3956D46DE8}") = "Solution Items", "Solution Items", "{BCFB0B80-BE20-4E97-9E83-790644E6EF48}"
	ProjectSection(SolutionItems) = preProject
		.editorconfig = .editorconfig
	EndProjectSection
EndProject
Global
	GlobalSection(SolutionConfigurationPlatforms) = preSolution
		Debug|Any CPU = Debug|Any CPU
		Release|Any CPU = Release|Any CPU
	EndGlobalSection
	GlobalSection(ProjectConfigurationPlatforms) = postSolution
		{A8B4D315-49B5-464E-94D2-4D0DDC8DB906}.Debug|Any CPU.ActiveCfg = Debug|Any CPU
		{A8B4D315-49B5-464E-94D2-4D0DDC8DB906}.Debug|Any CPU.Build.0 = Debug|Any CPU
		{A8B4D315-49B5-464E-94D2-4D0DDC8DB906}.Release|Any CPU.ActiveCfg = Release|Any CPU
		{A8B4D315-49B5-464E-94D2-4D0DDC8DB906}.Release|Any CPU.Build.0 = Release|Any CPU
	EndGlobalSection
	GlobalSection(SolutionProperties) = preSolution
		HideSolutionNode = FALSE
	EndGlobalSection
	GlobalSection(ExtensibilityGlobals) = postSolution
		SolutionGuid = {6FBE1E89-6CC6-4A8B-B6B5-03264E2663DD}
	EndGlobalSection
EndGlobal
